// !$*UTF8*$!
{
	archiveVersion = 1;
	classes = {
	};
	objectVersion = 56;
	objects = {

/* Begin PBXBuildFile section */
		2C1243552D0B518A0016907E /* Book.swift in Sources */ = {isa = PBXBuildFile; fileRef = 2C1243542D0B518A0016907E /* Book.swift */; };
		2C1243572D0B519D0016907E /* BookType.swift in Sources */ = {isa = PBXBuildFile; fileRef = 2C1243562D0B519D0016907E /* BookType.swift */; };
		2C1243592D0B51DE0016907E /* BookTypeManager.swift in Sources */ = {isa = PBXBuildFile; fileRef = 2C1243582D0B51DE0016907E /* BookTypeManager.swift */; };
		2C12435C2D0B59620016907E /* CustomBookCell.swift in Sources */ = {isa = PBXBuildFile; fileRef = 2C12435B2D0B59620016907E /* CustomBookCell.swift */; };
		2C326C6F2D0C5D24002F36BC /* SectionHeaderView.swift in Sources */ = {isa = PBXBuildFile; fileRef = 2C326C6E2D0C5D24002F36BC /* SectionHeaderView.swift */; };
		2C78DF332D0B03BD00666DCB /* CollectionViewController.swift in Sources */ = {isa = PBXBuildFile; fileRef = 2C78DF322D0B03BD00666DCB /* CollectionViewController.swift */; };
		2CD6FC532D0AFA4E003FF040 /* AppDelegate.swift in Sources */ = {isa = PBXBuildFile; fileRef = 2CD6FC522D0AFA4E003FF040 /* AppDelegate.swift */; };
		2CD6FC552D0AFA4E003FF040 /* SceneDelegate.swift in Sources */ = {isa = PBXBuildFile; fileRef = 2CD6FC542D0AFA4E003FF040 /* SceneDelegate.swift */; };
		2CD6FC5C2D0AFA4F003FF040 /* Assets.xcassets in Resources */ = {isa = PBXBuildFile; fileRef = 2CD6FC5B2D0AFA4F003FF040 /* Assets.xcassets */; };
		2CD6FC5F2D0AFA4F003FF040 /* Base in Resources */ = {isa = PBXBuildFile; fileRef = 2CD6FC5E2D0AFA4F003FF040 /* Base */; };
/* End PBXBuildFile section */

/* Begin PBXFileReference section */
		2C1243542D0B518A0016907E /* Book.swift */ = {isa = PBXFileReference; lastKnownFileType = sourcecode.swift; path = Book.swift; sourceTree = "<group>"; };
		2C1243562D0B519D0016907E /* BookType.swift */ = {isa = PBXFileReference; lastKnownFileType = sourcecode.swift; path = BookType.swift; sourceTree = "<group>"; };
		2C1243582D0B51DE0016907E /* BookTypeManager.swift */ = {isa = PBXFileReference; lastKnownFileType = sourcecode.swift; path = BookTypeManager.swift; sourceTree = "<group>"; };
		2C12435B2D0B59620016907E /* CustomBookCell.swift */ = {isa = PBXFileReference; lastKnownFileType = sourcecode.swift; path = CustomBookCell.swift; sourceTree = "<group>"; };
		2C326C6E2D0C5D24002F36BC /* SectionHeaderView.swift */ = {isa = PBXFileReference; lastKnownFileType = sourcecode.swift; path = SectionHeaderView.swift; sourceTree = "<group>"; };
		2C78DF322D0B03BD00666DCB /* CollectionViewController.swift */ = {isa = PBXFileReference; lastKnownFileType = sourcecode.swift; path = CollectionViewController.swift; sourceTree = "<group>"; };
		2CD6FC4F2D0AFA4E003FF040 /* BookStoreApp.app */ = {isa = PBXFileReference; explicitFileType = wrapper.application; includeInIndex = 0; path = BookStoreApp.app; sourceTree = BUILT_PRODUCTS_DIR; };
		2CD6FC522D0AFA4E003FF040 /* AppDelegate.swift */ = {isa = PBXFileReference; lastKnownFileType = sourcecode.swift; path = AppDelegate.swift; sourceTree = "<group>"; };
		2CD6FC542D0AFA4E003FF040 /* SceneDelegate.swift */ = {isa = PBXFileReference; lastKnownFileType = sourcecode.swift; path = SceneDelegate.swift; sourceTree = "<group>"; };
		2CD6FC5B2D0AFA4F003FF040 /* Assets.xcassets */ = {isa = PBXFileReference; lastKnownFileType = folder.assetcatalog; path = Assets.xcassets; sourceTree = "<group>"; };
		2CD6FC5E2D0AFA4F003FF040 /* Base */ = {isa = PBXFileReference; lastKnownFileType = file.storyboard; name = Base; path = Base.lproj/LaunchScreen.storyboard; sourceTree = "<group>"; };
		2CD6FC602D0AFA4F003FF040 /* Info.plist */ = {isa = PBXFileReference; lastKnownFileType = text.plist.xml; path = Info.plist; sourceTree = "<group>"; };
/* End PBXFileReference section */

/* Begin PBXFrameworksBuildPhase section */
		2CD6FC4C2D0AFA4E003FF040 /* Frameworks */ = {
			isa = PBXFrameworksBuildPhase;
			buildActionMask = 2147483647;
			files = (
			);
			runOnlyForDeploymentPostprocessing = 0;
		};
/* End PBXFrameworksBuildPhase section */

/* Begin PBXGroup section */
		2C12435A2D0B593E0016907E /* CustomElements */ = {
			isa = PBXGroup;
			children = (
				2C12435B2D0B59620016907E /* CustomBookCell.swift */,
			);
			path = CustomElements;
			sourceTree = "<group>";
		};
		2C78DF2D2D0AFEEF00666DCB /* ViewControllers */ = {
			isa = PBXGroup;
			children = (
				2C78DF322D0B03BD00666DCB /* CollectionViewController.swift */,
			);
			path = ViewControllers;
			sourceTree = "<group>";
		};
		2C78DF2E2D0AFF0600666DCB /* Resources */ = {
			isa = PBXGroup;
			children = (
				2CD6FC5B2D0AFA4F003FF040 /* Assets.xcassets */,
				2CD6FC5D2D0AFA4F003FF040 /* LaunchScreen.storyboard */,
			);
			path = Resources;
			sourceTree = "<group>";
		};
		2C78DF2F2D0AFF3D00666DCB /* Models */ = {
			isa = PBXGroup;
			children = (
				2C1243542D0B518A0016907E /* Book.swift */,
				2C1243562D0B519D0016907E /* BookType.swift */,
			);
			path = Models;
			sourceTree = "<group>";
		};
		2C78DF302D0AFF6700666DCB /* Services */ = {
			isa = PBXGroup;
			children = (
				2C1243582D0B51DE0016907E /* BookTypeManager.swift */,
			);
			path = Services;
			sourceTree = "<group>";
		};
		2C78DF312D0B000D00666DCB /* SupplementaryItems */ = {
			isa = PBXGroup;
			children = (
				2C326C6E2D0C5D24002F36BC /* SectionHeaderView.swift */,
			);
			path = SupplementaryItems;
			sourceTree = "<group>";
		};
		2CD6FC462D0AFA4E003FF040 = {
			isa = PBXGroup;
			children = (
				2CD6FC512D0AFA4E003FF040 /* BookStoreApp */,
				2CD6FC502D0AFA4E003FF040 /* Products */,
			);
			sourceTree = "<group>";
		};
		2CD6FC502D0AFA4E003FF040 /* Products */ = {
			isa = PBXGroup;
			children = (
				2CD6FC4F2D0AFA4E003FF040 /* BookStoreApp.app */,
			);
			name = Products;
			sourceTree = "<group>";
		};
		2CD6FC512D0AFA4E003FF040 /* BookStoreApp */ = {
			isa = PBXGroup;
			children = (
				2CD6FC522D0AFA4E003FF040 /* AppDelegate.swift */,
				2CD6FC542D0AFA4E003FF040 /* SceneDelegate.swift */,
				2C78DF2D2D0AFEEF00666DCB /* ViewControllers */,
				2C12435A2D0B593E0016907E /* CustomElements */,
				2C78DF312D0B000D00666DCB /* SupplementaryItems */,
				2C78DF2F2D0AFF3D00666DCB /* Models */,
				2C78DF302D0AFF6700666DCB /* Services */,
				2C78DF2E2D0AFF0600666DCB /* Resources */,
				2CD6FC602D0AFA4F003FF040 /* Info.plist */,
			);
			path = BookStoreApp;
			sourceTree = "<group>";
		};
/* End PBXGroup section */

/* Begin PBXNativeTarget section */
		2CD6FC4E2D0AFA4E003FF040 /* BookStoreApp */ = {
			isa = PBXNativeTarget;
			buildConfigurationList = 2CD6FC632D0AFA4F003FF040 /* Build configuration list for PBXNativeTarget "BookStoreApp" */;
			buildPhases = (
				2CD6FC4B2D0AFA4E003FF040 /* Sources */,
				2CD6FC4C2D0AFA4E003FF040 /* Frameworks */,
				2CD6FC4D2D0AFA4E003FF040 /* Resources */,
			);
			buildRules = (
			);
			dependencies = (
			);
			name = BookStoreApp;
			productName = BookStoreApp;
			productReference = 2CD6FC4F2D0AFA4E003FF040 /* BookStoreApp.app */;
			productType = "com.apple.product-type.application";
		};
/* End PBXNativeTarget section */

/* Begin PBXProject section */
		2CD6FC472D0AFA4E003FF040 /* Project object */ = {
			isa = PBXProject;
			attributes = {
				BuildIndependentTargetsInParallel = 1;
				LastSwiftUpdateCheck = 1530;
				LastUpgradeCheck = 1530;
				TargetAttributes = {
					2CD6FC4E2D0AFA4E003FF040 = {
						CreatedOnToolsVersion = 15.3;
					};
				};
			};
			buildConfigurationList = 2CD6FC4A2D0AFA4E003FF040 /* Build configuration list for PBXProject "BookStoreApp" */;
			compatibilityVersion = "Xcode 14.0";
			developmentRegion = en;
			hasScannedForEncodings = 0;
			knownRegions = (
				en,
				Base,
			);
			mainGroup = 2CD6FC462D0AFA4E003FF040;
			productRefGroup = 2CD6FC502D0AFA4E003FF040 /* Products */;
			projectDirPath = "";
			projectRoot = "";
			targets = (
				2CD6FC4E2D0AFA4E003FF040 /* BookStoreApp */,
			);
		};
/* End PBXProject section */

/* Begin PBXResourcesBuildPhase section */
		2CD6FC4D2D0AFA4E003FF040 /* Resources */ = {
			isa = PBXResourcesBuildPhase;
			buildActionMask = 2147483647;
			files = (
				2CD6FC5C2D0AFA4F003FF040 /* Assets.xcassets in Resources */,
				2CD6FC5F2D0AFA4F003FF040 /* Base in Resources */,
			);
			runOnlyForDeploymentPostprocessing = 0;
		};
/* End PBXResourcesBuildPhase section */

/* Begin PBXSourcesBuildPhase section */
		2CD6FC4B2D0AFA4E003FF040 /* Sources */ = {
			isa = PBXSourcesBuildPhase;
			buildActionMask = 2147483647;
			files = (
				2C1243592D0B51DE0016907E /* BookTypeManager.swift in Sources */,
				2C1243552D0B518A0016907E /* Book.swift in Sources */,
				2C78DF332D0B03BD00666DCB /* CollectionViewController.swift in Sources */,
				2C326C6F2D0C5D24002F36BC /* SectionHeaderView.swift in Sources */,
				2C12435C2D0B59620016907E /* CustomBookCell.swift in Sources */,
				2CD6FC532D0AFA4E003FF040 /* AppDelegate.swift in Sources */,
				2C1243572D0B519D0016907E /* BookType.swift in Sources */,
				2CD6FC552D0AFA4E003FF040 /* SceneDelegate.swift in Sources */,
			);
			runOnlyForDeploymentPostprocessing = 0;
		};
/* End PBXSourcesBuildPhase section */

/* Begin PBXVariantGroup section */
		2CD6FC5D2D0AFA4F003FF040 /* LaunchScreen.storyboard */ = {
			isa = PBXVariantGroup;
			children = (
				2CD6FC5E2D0AFA4F003FF040 /* Base */,
			);
			name = LaunchScreen.storyboard;
			sourceTree = "<group>";
		};
/* End PBXVariantGroup section */

/* Begin XCBuildConfiguration section */
		2CD6FC612D0AFA4F003FF040 /* Debug */ = {
			isa = XCBuildConfiguration;
			buildSettings = {
				ALWAYS_SEARCH_USER_PATHS = NO;
				ASSETCATALOG_COMPILER_GENERATE_SWIFT_ASSET_SYMBOL_EXTENSIONS = YES;
				CLANG_ANALYZER_NONNULL = YES;
				CLANG_ANALYZER_NUMBER_OBJECT_CONVERSION = YES_AGGRESSIVE;
				CLANG_CXX_LANGUAGE_STANDARD = "gnu++20";
				CLANG_ENABLE_MODULES = YES;
				CLANG_ENABLE_OBJC_ARC = YES;
				CLANG_ENABLE_OBJC_WEAK = YES;
				CLANG_WARN_BLOCK_CAPTURE_AUTORELEASING = YES;
				CLANG_WARN_BOOL_CONVERSION = YES;
				CLANG_WARN_COMMA = YES;
				CLANG_WARN_CONSTANT_CONVERSION = YES;
				CLANG_WARN_DEPRECATED_OBJC_IMPLEMENTATIONS = YES;
				CLANG_WARN_DIRECT_OBJC_ISA_USAGE = YES_ERROR;
				CLANG_WARN_DOCUMENTATION_COMMENTS = YES;
				CLANG_WARN_EMPTY_BODY = YES;
				CLANG_WARN_ENUM_CONVERSION = YES;
				CLANG_WARN_INFINITE_RECURSION = YES;
				CLANG_WARN_INT_CONVERSION = YES;
				CLANG_WARN_NON_LITERAL_NULL_CONVERSION = YES;
				CLANG_WARN_OBJC_IMPLICIT_RETAIN_SELF = YES;
				CLANG_WARN_OBJC_LITERAL_CONVERSION = YES;
				CLANG_WARN_OBJC_ROOT_CLASS = YES_ERROR;
				CLANG_WARN_QUOTED_INCLUDE_IN_FRAMEWORK_HEADER = YES;
				CLANG_WARN_RANGE_LOOP_ANALYSIS = YES;
				CLANG_WARN_STRICT_PROTOTYPES = YES;
				CLANG_WARN_SUSPICIOUS_MOVE = YES;
				CLANG_WARN_UNGUARDED_AVAILABILITY = YES_AGGRESSIVE;
				CLANG_WARN_UNREACHABLE_CODE = YES;
				CLANG_WARN__DUPLICATE_METHOD_MATCH = YES;
				COPY_PHASE_STRIP = NO;
				DEBUG_INFORMATION_FORMAT = dwarf;
				ENABLE_STRICT_OBJC_MSGSEND = YES;
				ENABLE_TESTABILITY = YES;
				ENABLE_USER_SCRIPT_SANDBOXING = YES;
				GCC_C_LANGUAGE_STANDARD = gnu17;
				GCC_DYNAMIC_NO_PIC = NO;
				GCC_NO_COMMON_BLOCKS = YES;
				GCC_OPTIMIZATION_LEVEL = 0;
				GCC_PREPROCESSOR_DEFINITIONS = (
					"DEBUG=1",
					"$(inherited)",
				);
				GCC_WARN_64_TO_32_BIT_CONVERSION = YES;
				GCC_WARN_ABOUT_RETURN_TYPE = YES_ERROR;
				GCC_WARN_UNDECLARED_SELECTOR = YES;
				GCC_WARN_UNINITIALIZED_AUTOS = YES_AGGRESSIVE;
				GCC_WARN_UNUSED_FUNCTION = YES;
				GCC_WARN_UNUSED_VARIABLE = YES;
				IPHONEOS_DEPLOYMENT_TARGET = 17.4;
				LOCALIZATION_PREFERS_STRING_CATALOGS = YES;
				MTL_ENABLE_DEBUG_INFO = INCLUDE_SOURCE;
				MTL_FAST_MATH = YES;
				ONLY_ACTIVE_ARCH = YES;
				SDKROOT = iphoneos;
				SWIFT_ACTIVE_COMPILATION_CONDITIONS = "DEBUG $(inherited)";
				SWIFT_OPTIMIZATION_LEVEL = "-Onone";
			};
			name = Debug;
		};
		2CD6FC622D0AFA4F003FF040 /* Release */ = {
			isa = XCBuildConfiguration;
			buildSettings = {
				ALWAYS_SEARCH_USER_PATHS = NO;
				ASSETCATALOG_COMPILER_GENERATE_SWIFT_ASSET_SYMBOL_EXTENSIONS = YES;
				CLANG_ANALYZER_NONNULL = YES;
				CLANG_ANALYZER_NUMBER_OBJECT_CONVERSION = YES_AGGRESSIVE;
				CLANG_CXX_LANGUAGE_STANDARD = "gnu++20";
				CLANG_ENABLE_MODULES = YES;
				CLANG_ENABLE_OBJC_ARC = YES;
				CLANG_ENABLE_OBJC_WEAK = YES;
				CLANG_WARN_BLOCK_CAPTURE_AUTORELEASING = YES;
				CLANG_WARN_BOOL_CONVERSION = YES;
				CLANG_WARN_COMMA = YES;
				CLANG_WARN_CONSTANT_CONVERSION = YES;
				CLANG_WARN_DEPRECATED_OBJC_IMPLEMENTATIONS = YES;
				CLANG_WARN_DIRECT_OBJC_ISA_USAGE = YES_ERROR;
				CLANG_WARN_DOCUMENTATION_COMMENTS = YES;
				CLANG_WARN_EMPTY_BODY = YES;
				CLANG_WARN_ENUM_CONVERSION = YES;
				CLANG_WARN_INFINITE_RECURSION = YES;
				CLANG_WARN_INT_CONVERSION = YES;
				CLANG_WARN_NON_LITERAL_NULL_CONVERSION = YES;
				CLANG_WARN_OBJC_IMPLICIT_RETAIN_SELF = YES;
				CLANG_WARN_OBJC_LITERAL_CONVERSION = YES;
				CLANG_WARN_OBJC_ROOT_CLASS = YES_ERROR;
				CLANG_WARN_QUOTED_INCLUDE_IN_FRAMEWORK_HEADER = YES;
				CLANG_WARN_RANGE_LOOP_ANALYSIS = YES;
				CLANG_WARN_STRICT_PROTOTYPES = YES;
				CLANG_WARN_SUSPICIOUS_MOVE = YES;
				CLANG_WARN_UNGUARDED_AVAILABILITY = YES_AGGRESSIVE;
				CLANG_WARN_UNREACHABLE_CODE = YES;
				CLANG_WARN__DUPLICATE_METHOD_MATCH = YES;
				COPY_PHASE_STRIP = NO;
				DEBUG_INFORMATION_FORMAT = "dwarf-with-dsym";
				ENABLE_NS_ASSERTIONS = NO;
				ENABLE_STRICT_OBJC_MSGSEND = YES;
				ENABLE_USER_SCRIPT_SANDBOXING = YES;
				GCC_C_LANGUAGE_STANDARD = gnu17;
				GCC_NO_COMMON_BLOCKS = YES;
				GCC_WARN_64_TO_32_BIT_CONVERSION = YES;
				GCC_WARN_ABOUT_RETURN_TYPE = YES_ERROR;
				GCC_WARN_UNDECLARED_SELECTOR = YES;
				GCC_WARN_UNINITIALIZED_AUTOS = YES_AGGRESSIVE;
				GCC_WARN_UNUSED_FUNCTION = YES;
				GCC_WARN_UNUSED_VARIABLE = YES;
				IPHONEOS_DEPLOYMENT_TARGET = 17.4;
				LOCALIZATION_PREFERS_STRING_CATALOGS = YES;
				MTL_ENABLE_DEBUG_INFO = NO;
				MTL_FAST_MATH = YES;
				SDKROOT = iphoneos;
				SWIFT_COMPILATION_MODE = wholemodule;
				VALIDATE_PRODUCT = YES;
			};
			name = Release;
		};
		2CD6FC642D0AFA4F003FF040 /* Debug */ = {
			isa = XCBuildConfiguration;
			buildSettings = {
				ASSETCATALOG_COMPILER_APPICON_NAME = AppIcon;
				ASSETCATALOG_COMPILER_GLOBAL_ACCENT_COLOR_NAME = AccentColor;
				CODE_SIGN_STYLE = Automatic;
				CURRENT_PROJECT_VERSION = 1;
				GENERATE_INFOPLIST_FILE = YES;
				INFOPLIST_FILE = BookStoreApp/Info.plist;
				INFOPLIST_KEY_UIApplicationSupportsIndirectInputEvents = YES;
				INFOPLIST_KEY_UILaunchStoryboardName = LaunchScreen;
				INFOPLIST_KEY_UISupportedInterfaceOrientations_iPad = "UIInterfaceOrientationPortrait UIInterfaceOrientationPortraitUpsideDown UIInterfaceOrientationLandscapeLeft UIInterfaceOrientationLandscapeRight";
				INFOPLIST_KEY_UISupportedInterfaceOrientations_iPhone = "UIInterfaceOrientationPortrait UIInterfaceOrientationLandscapeLeft UIInterfaceOrientationLandscapeRight";
				LD_RUNPATH_SEARCH_PATHS = (
					"$(inherited)",
					"@executable_path/Frameworks",
				);
				MARKETING_VERSION = 1.0;
				PRODUCT_BUNDLE_IDENTIFIER = Ivan.BookStoreApp;
				PRODUCT_NAME = "$(TARGET_NAME)";
				SWIFT_EMIT_LOC_STRINGS = YES;
				SWIFT_VERSION = 5.0;
				TARGETED_DEVICE_FAMILY = "1,2";
			};
			name = Debug;
		};
		2CD6FC652D0AFA4F003FF040 /* Release */ = {
			isa = XCBuildConfiguration;
			buildSettings = {
				ASSETCATALOG_COMPILER_APPICON_NAME = AppIcon;
				ASSETCATALOG_COMPILER_GLOBAL_ACCENT_COLOR_NAME = AccentColor;
				CODE_SIGN_STYLE = Automatic;
				CURRENT_PROJECT_VERSION = 1;
				GENERATE_INFOPLIST_FILE = YES;
				INFOPLIST_FILE = BookStoreApp/Info.plist;
				INFOPLIST_KEY_UIApplicationSupportsIndirectInputEvents = YES;
				INFOPLIST_KEY_UILaunchStoryboardName = LaunchScreen;
				INFOPLIST_KEY_UISupportedInterfaceOrientations_iPad = "UIInterfaceOrientationPortrait UIInterfaceOrientationPortraitUpsideDown UIInterfaceOrientationLandscapeLeft UIInterfaceOrientationLandscapeRight";
				INFOPLIST_KEY_UISupportedInterfaceOrientations_iPhone = "UIInterfaceOrientationPortrait UIInterfaceOrientationLandscapeLeft UIInterfaceOrientationLandscapeRight";
				LD_RUNPATH_SEARCH_PATHS = (
					"$(inherited)",
					"@executable_path/Frameworks",
				);
				MARKETING_VERSION = 1.0;
				PRODUCT_BUNDLE_IDENTIFIER = Ivan.BookStoreApp;
				PRODUCT_NAME = "$(TARGET_NAME)";
				SWIFT_EMIT_LOC_STRINGS = YES;
				SWIFT_VERSION = 5.0;
				TARGETED_DEVICE_FAMILY = "1,2";
			};
			name = Release;
		};
/* End XCBuildConfiguration section */

/* Begin XCConfigurationList section */
		2CD6FC4A2D0AFA4E003FF040 /* Build configuration list for PBXProject "BookStoreApp" */ = {
			isa = XCConfigurationList;
			buildConfigurations = (
				2CD6FC612D0AFA4F003FF040 /* Debug */,
				2CD6FC622D0AFA4F003FF040 /* Release */,
			);
			defaultConfigurationIsVisible = 0;
			defaultConfigurationName = Release;
		};
		2CD6FC632D0AFA4F003FF040 /* Build configuration list for PBXNativeTarget "BookStoreApp" */ = {
			isa = XCConfigurationList;
			buildConfigurations = (
				2CD6FC642D0AFA4F003FF040 /* Debug */,
				2CD6FC652D0AFA4F003FF040 /* Release */,
			);
			defaultConfigurationIsVisible = 0;
			defaultConfigurationName = Release;
		};
/* End XCConfigurationList section */
	};
	rootObject = 2CD6FC472D0AFA4E003FF040 /* Project object */;
}
